// !$*UTF8*$!
{
	archiveVersion = 1;
	classes = {
	};
	objectVersion = 56;
	objects = {

/* Begin PBXBuildFile section */
		25FE4E432B04224600709C2C /* AppDelegate.swift in Sources */ = {isa = PBXBuildFile; fileRef = 25FE4E422B04224600709C2C /* AppDelegate.swift */; };
		25FE4E452B04224600709C2C /* SceneDelegate.swift in Sources */ = {isa = PBXBuildFile; fileRef = 25FE4E442B04224600709C2C /* SceneDelegate.swift */; };
		25FE4E472B04224600709C2C /* ViewController.swift in Sources */ = {isa = PBXBuildFile; fileRef = 25FE4E462B04224600709C2C /* ViewController.swift */; };
		25FE4E4A2B04224600709C2C /* Main.storyboard in Resources */ = {isa = PBXBuildFile; fileRef = 25FE4E482B04224600709C2C /* Main.storyboard */; };
		25FE4E4C2B04224700709C2C /* Assets.xcassets in Resources */ = {isa = PBXBuildFile; fileRef = 25FE4E4B2B04224700709C2C /* Assets.xcassets */; };
		25FE4E4F2B04224700709C2C /* LaunchScreen.storyboard in Resources */ = {isa = PBXBuildFile; fileRef = 25FE4E4D2B04224700709C2C /* LaunchScreen.storyboard */; };
		25FE4E5A2B04224800709C2C /* MobileAPI_Assignment3Tests.swift in Sources */ = {isa = PBXBuildFile; fileRef = 25FE4E592B04224800709C2C /* MobileAPI_Assignment3Tests.swift */; };
		25FE4E642B04224800709C2C /* MobileAPI_Assignment3UITests.swift in Sources */ = {isa = PBXBuildFile; fileRef = 25FE4E632B04224800709C2C /* MobileAPI_Assignment3UITests.swift */; };
		25FE4E662B04224800709C2C /* MobileAPI_Assignment3UITestsLaunchTests.swift in Sources */ = {isa = PBXBuildFile; fileRef = 25FE4E652B04224800709C2C /* MobileAPI_Assignment3UITestsLaunchTests.swift */; };
		25FE4E732B04306C00709C2C /* RegisterViewController.swift in Sources */ = {isa = PBXBuildFile; fileRef = 25FE4E722B04306C00709C2C /* RegisterViewController.swift */; };
		25FE4E752B04312600709C2C /* BooksTableViewCell.swift in Sources */ = {isa = PBXBuildFile; fileRef = 25FE4E742B04312600709C2C /* BooksTableViewCell.swift */; };
/* End PBXBuildFile section */

/* Begin PBXContainerItemProxy section */
		25FE4E562B04224800709C2C /* PBXContainerItemProxy */ = {
			isa = PBXContainerItemProxy;
			containerPortal = 25FE4E372B04224600709C2C /* Project object */;
			proxyType = 1;
			remoteGlobalIDString = 25FE4E3E2B04224600709C2C;
			remoteInfo = "MobileAPI-Assignment3";
		};
		25FE4E602B04224800709C2C /* PBXContainerItemProxy */ = {
			isa = PBXContainerItemProxy;
			containerPortal = 25FE4E372B04224600709C2C /* Project object */;
			proxyType = 1;
			remoteGlobalIDString = 25FE4E3E2B04224600709C2C;
			remoteInfo = "MobileAPI-Assignment3";
		};
/* End PBXContainerItemProxy section */

/* Begin PBXFileReference section */
		25FE4E3F2B04224600709C2C /* MobileAPI-Assignment3.app */ = {isa = PBXFileReference; explicitFileType = wrapper.application; includeInIndex = 0; path = "MobileAPI-Assignment3.app"; sourceTree = BUILT_PRODUCTS_DIR; };
		25FE4E422B04224600709C2C /* AppDelegate.swift */ = {isa = PBXFileReference; lastKnownFileType = sourcecode.swift; path = AppDelegate.swift; sourceTree = "<group>"; };
		25FE4E442B04224600709C2C /* SceneDelegate.swift */ = {isa = PBXFileReference; lastKnownFileType = sourcecode.swift; path = SceneDelegate.swift; sourceTree = "<group>"; };
		25FE4E462B04224600709C2C /* ViewController.swift */ = {isa = PBXFileReference; lastKnownFileType = sourcecode.swift; path = ViewController.swift; sourceTree = "<group>"; };
		25FE4E492B04224600709C2C /* Base */ = {isa = PBXFileReference; lastKnownFileType = file.storyboard; name = Base; path = Base.lproj/Main.storyboard; sourceTree = "<group>"; };
		25FE4E4B2B04224700709C2C /* Assets.xcassets */ = {isa = PBXFileReference; lastKnownFileType = folder.assetcatalog; path = Assets.xcassets; sourceTree = "<group>"; };
		25FE4E4E2B04224700709C2C /* Base */ = {isa = PBXFileReference; lastKnownFileType = file.storyboard; name = Base; path = Base.lproj/LaunchScreen.storyboard; sourceTree = "<group>"; };
		25FE4E502B04224700709C2C /* Info.plist */ = {isa = PBXFileReference; lastKnownFileType = text.plist.xml; path = Info.plist; sourceTree = "<group>"; };
		25FE4E552B04224800709C2C /* MobileAPI-Assignment3Tests.xctest */ = {isa = PBXFileReference; explicitFileType = wrapper.cfbundle; includeInIndex = 0; path = "MobileAPI-Assignment3Tests.xctest"; sourceTree = BUILT_PRODUCTS_DIR; };
		25FE4E592B04224800709C2C /* MobileAPI_Assignment3Tests.swift */ = {isa = PBXFileReference; lastKnownFileType = sourcecode.swift; path = MobileAPI_Assignment3Tests.swift; sourceTree = "<group>"; };
		25FE4E5F2B04224800709C2C /* MobileAPI-Assignment3UITests.xctest */ = {isa = PBXFileReference; explicitFileType = wrapper.cfbundle; includeInIndex = 0; path = "MobileAPI-Assignment3UITests.xctest"; sourceTree = BUILT_PRODUCTS_DIR; };
		25FE4E632B04224800709C2C /* MobileAPI_Assignment3UITests.swift */ = {isa = PBXFileReference; lastKnownFileType = sourcecode.swift; path = MobileAPI_Assignment3UITests.swift; sourceTree = "<group>"; };
		25FE4E652B04224800709C2C /* MobileAPI_Assignment3UITestsLaunchTests.swift */ = {isa = PBXFileReference; lastKnownFileType = sourcecode.swift; path = MobileAPI_Assignment3UITestsLaunchTests.swift; sourceTree = "<group>"; };
		25FE4E722B04306C00709C2C /* RegisterViewController.swift */ = {isa = PBXFileReference; lastKnownFileType = sourcecode.swift; path = RegisterViewController.swift; sourceTree = "<group>"; };
		25FE4E742B04312600709C2C /* BooksTableViewCell.swift */ = {isa = PBXFileReference; lastKnownFileType = sourcecode.swift; path = BooksTableViewCell.swift; sourceTree = "<group>"; };
/* End PBXFileReference section */

/* Begin PBXFrameworksBuildPhase section */
		25FE4E3C2B04224600709C2C /* Frameworks */ = {
			isa = PBXFrameworksBuildPhase;
			buildActionMask = 2147483647;
			files = (
			);
			runOnlyForDeploymentPostprocessing = 0;
		};
		25FE4E522B04224800709C2C /* Frameworks */ = {
			isa = PBXFrameworksBuildPhase;
			buildActionMask = 2147483647;
			files = (
			);
			runOnlyForDeploymentPostprocessing = 0;
		};
		25FE4E5C2B04224800709C2C /* Frameworks */ = {
			isa = PBXFrameworksBuildPhase;
			buildActionMask = 2147483647;
			files = (
			);
			runOnlyForDeploymentPostprocessing = 0;
		};
/* End PBXFrameworksBuildPhase section */

/* Begin PBXGroup section */
		25FE4E362B04224600709C2C = {
			isa = PBXGroup;
			children = (
				25FE4E412B04224600709C2C /* MobileAPI-Assignment3 */,
				25FE4E582B04224800709C2C /* MobileAPI-Assignment3Tests */,
				25FE4E622B04224800709C2C /* MobileAPI-Assignment3UITests */,
				25FE4E402B04224600709C2C /* Products */,
			);
			sourceTree = "<group>";
		};
		25FE4E402B04224600709C2C /* Products */ = {
			isa = PBXGroup;
			children = (
				25FE4E3F2B04224600709C2C /* MobileAPI-Assignment3.app */,
				25FE4E552B04224800709C2C /* MobileAPI-Assignment3Tests.xctest */,
				25FE4E5F2B04224800709C2C /* MobileAPI-Assignment3UITests.xctest */,
			);
			name = Products;
			sourceTree = "<group>";
		};
		25FE4E412B04224600709C2C /* MobileAPI-Assignment3 */ = {
			isa = PBXGroup;
			children = (
				25FE4E422B04224600709C2C /* AppDelegate.swift */,
				25FE4E442B04224600709C2C /* SceneDelegate.swift */,
				25FE4E462B04224600709C2C /* ViewController.swift */,
				25FE4E482B04224600709C2C /* Main.storyboard */,
				25FE4E4B2B04224700709C2C /* Assets.xcassets */,
				25FE4E4D2B04224700709C2C /* LaunchScreen.storyboard */,
				25FE4E502B04224700709C2C /* Info.plist */,
				25FE4E722B04306C00709C2C /* RegisterViewController.swift */,
				25FE4E742B04312600709C2C /* BooksTableViewCell.swift */,
			);
			path = "MobileAPI-Assignment3";
			sourceTree = "<group>";
		};
		25FE4E582B04224800709C2C /* MobileAPI-Assignment3Tests */ = {
			isa = PBXGroup;
			children = (
				25FE4E592B04224800709C2C /* MobileAPI_Assignment3Tests.swift */,
			);
			path = "MobileAPI-Assignment3Tests";
			sourceTree = "<group>";
		};
		25FE4E622B04224800709C2C /* MobileAPI-Assignment3UITests */ = {
			isa = PBXGroup;
			children = (
				25FE4E632B04224800709C2C /* MobileAPI_Assignment3UITests.swift */,
				25FE4E652B04224800709C2C /* MobileAPI_Assignment3UITestsLaunchTests.swift */,
			);
			path = "MobileAPI-Assignment3UITests";
			sourceTree = "<group>";
		};
/* End PBXGroup section */

/* Begin PBXNativeTarget section */
		25FE4E3E2B04224600709C2C /* MobileAPI-Assignment3 */ = {
			isa = PBXNativeTarget;
			buildConfigurationList = 25FE4E692B04224800709C2C /* Build configuration list for PBXNativeTarget "MobileAPI-Assignment3" */;
			buildPhases = (
				25FE4E3B2B04224600709C2C /* Sources */,
				25FE4E3C2B04224600709C2C /* Frameworks */,
				25FE4E3D2B04224600709C2C /* Resources */,
			);
			buildRules = (
			);
			dependencies = (
			);
			name = "MobileAPI-Assignment3";
			productName = "MobileAPI-Assignment3";
			productReference = 25FE4E3F2B04224600709C2C /* MobileAPI-Assignment3.app */;
			productType = "com.apple.product-type.application";
		};
		25FE4E542B04224800709C2C /* MobileAPI-Assignment3Tests */ = {
			isa = PBXNativeTarget;
			buildConfigurationList = 25FE4E6C2B04224800709C2C /* Build configuration list for PBXNativeTarget "MobileAPI-Assignment3Tests" */;
			buildPhases = (
				25FE4E512B04224800709C2C /* Sources */,
				25FE4E522B04224800709C2C /* Frameworks */,
				25FE4E532B04224800709C2C /* Resources */,
			);
			buildRules = (
			);
			dependencies = (
				25FE4E572B04224800709C2C /* PBXTargetDependency */,
			);
			name = "MobileAPI-Assignment3Tests";
			productName = "MobileAPI-Assignment3Tests";
			productReference = 25FE4E552B04224800709C2C /* MobileAPI-Assignment3Tests.xctest */;
			productType = "com.apple.product-type.bundle.unit-test";
		};
		25FE4E5E2B04224800709C2C /* MobileAPI-Assignment3UITests */ = {
			isa = PBXNativeTarget;
			buildConfigurationList = 25FE4E6F2B04224800709C2C /* Build configuration list for PBXNativeTarget "MobileAPI-Assignment3UITests" */;
			buildPhases = (
				25FE4E5B2B04224800709C2C /* Sources */,
				25FE4E5C2B04224800709C2C /* Frameworks */,
				25FE4E5D2B04224800709C2C /* Resources */,
			);
			buildRules = (
			);
			dependencies = (
				25FE4E612B04224800709C2C /* PBXTargetDependency */,
			);
			name = "MobileAPI-Assignment3UITests";
			productName = "MobileAPI-Assignment3UITests";
			productReference = 25FE4E5F2B04224800709C2C /* MobileAPI-Assignment3UITests.xctest */;
			productType = "com.apple.product-type.bundle.ui-testing";
		};
/* End PBXNativeTarget section */

/* Begin PBXProject section */
		25FE4E372B04224600709C2C /* Project object */ = {
			isa = PBXProject;
			attributes = {
				BuildIndependentTargetsInParallel = 1;
				LastSwiftUpdateCheck = 1430;
				LastUpgradeCheck = 1430;
				TargetAttributes = {
					25FE4E3E2B04224600709C2C = {
						CreatedOnToolsVersion = 14.3.1;
					};
					25FE4E542B04224800709C2C = {
						CreatedOnToolsVersion = 14.3.1;
						TestTargetID = 25FE4E3E2B04224600709C2C;
					};
					25FE4E5E2B04224800709C2C = {
						CreatedOnToolsVersion = 14.3.1;
						TestTargetID = 25FE4E3E2B04224600709C2C;
					};
				};
			};
			buildConfigurationList = 25FE4E3A2B04224600709C2C /* Build configuration list for PBXProject "MobileAPI-Assignment3" */;
			compatibilityVersion = "Xcode 14.0";
			developmentRegion = en;
			hasScannedForEncodings = 0;
			knownRegions = (
				en,
				Base,
			);
			mainGroup = 25FE4E362B04224600709C2C;
			productRefGroup = 25FE4E402B04224600709C2C /* Products */;
			projectDirPath = "";
			projectRoot = "";
			targets = (
				25FE4E3E2B04224600709C2C /* MobileAPI-Assignment3 */,
				25FE4E542B04224800709C2C /* MobileAPI-Assignment3Tests */,
				25FE4E5E2B04224800709C2C /* MobileAPI-Assignment3UITests */,
			);
		};
/* End PBXProject section */

/* Begin PBXResourcesBuildPhase section */
		25FE4E3D2B04224600709C2C /* Resources */ = {
			isa = PBXResourcesBuildPhase;
			buildActionMask = 2147483647;
			files = (
				25FE4E4F2B04224700709C2C /* LaunchScreen.storyboard in Resources */,
				25FE4E4C2B04224700709C2C /* Assets.xcassets in Resources */,
				25FE4E4A2B04224600709C2C /* Main.storyboard in Resources */,
			);
			runOnlyForDeploymentPostprocessing = 0;
		};
		25FE4E532B04224800709C2C /* Resources */ = {
			isa = PBXResourcesBuildPhase;
			buildActionMask = 2147483647;
			files = (
			);
			runOnlyForDeploymentPostprocessing = 0;
		};
		25FE4E5D2B04224800709C2C /* Resources */ = {
			isa = PBXResourcesBuildPhase;
			buildActionMask = 2147483647;
			files = (
			);
			runOnlyForDeploymentPostprocessing = 0;
		};
/* End PBXResourcesBuildPhase section */

/* Begin PBXSourcesBuildPhase section */
		25FE4E3B2B04224600709C2C /* Sources */ = {
			isa = PBXSourcesBuildPhase;
			buildActionMask = 2147483647;
			files = (
				25FE4E472B04224600709C2C /* ViewController.swift in Sources */,
				25FE4E752B04312600709C2C /* BooksTableViewCell.swift in Sources */,
				25FE4E432B04224600709C2C /* AppDelegate.swift in Sources */,
				25FE4E452B04224600709C2C /* SceneDelegate.swift in Sources */,
				25FE4E732B04306C00709C2C /* RegisterViewController.swift in Sources */,
			);
			runOnlyForDeploymentPostprocessing = 0;
		};
		25FE4E512B04224800709C2C /* Sources */ = {
			isa = PBXSourcesBuildPhase;
			buildActionMask = 2147483647;
			files = (
				25FE4E5A2B04224800709C2C /* MobileAPI_Assignment3Tests.swift in Sources */,
			);
			runOnlyForDeploymentPostprocessing = 0;
		};
		25FE4E5B2B04224800709C2C /* Sources */ = {
			isa = PBXSourcesBuildPhase;
			buildActionMask = 2147483647;
			files = (
				25FE4E662B04224800709C2C /* MobileAPI_Assignment3UITestsLaunchTests.swift in Sources */,
				25FE4E642B04224800709C2C /* MobileAPI_Assignment3UITests.swift in Sources */,
			);
			runOnlyForDeploymentPostprocessing = 0;
		};
/* End PBXSourcesBuildPhase section */

/* Begin PBXTargetDependency section */
		25FE4E572B04224800709C2C /* PBXTargetDependency */ = {
			isa = PBXTargetDependency;
			target = 25FE4E3E2B04224600709C2C /* MobileAPI-Assignment3 */;
			targetProxy = 25FE4E562B04224800709C2C /* PBXContainerItemProxy */;
		};
		25FE4E612B04224800709C2C /* PBXTargetDependency */ = {
			isa = PBXTargetDependency;
			target = 25FE4E3E2B04224600709C2C /* MobileAPI-Assignment3 */;
			targetProxy = 25FE4E602B04224800709C2C /* PBXContainerItemProxy */;
		};
/* End PBXTargetDependency section */

/* Begin PBXVariantGroup section */
		25FE4E482B04224600709C2C /* Main.storyboard */ = {
			isa = PBXVariantGroup;
			children = (
				25FE4E492B04224600709C2C /* Base */,
			);
			name = Main.storyboard;
			sourceTree = "<group>";
		};
		25FE4E4D2B04224700709C2C /* LaunchScreen.storyboard */ = {
			isa = PBXVariantGroup;
			children = (
				25FE4E4E2B04224700709C2C /* Base */,
			);
			name = LaunchScreen.storyboard;
			sourceTree = "<group>";
		};
/* End PBXVariantGroup section */

/* Begin XCBuildConfiguration section */
		25FE4E672B04224800709C2C /* Debug */ = {
			isa = XCBuildConfiguration;
			buildSettings = {
				ALWAYS_SEARCH_USER_PATHS = NO;
				CLANG_ANALYZER_NONNULL = YES;
				CLANG_ANALYZER_NUMBER_OBJECT_CONVERSION = YES_AGGRESSIVE;
				CLANG_CXX_LANGUAGE_STANDARD = "gnu++20";
				CLANG_ENABLE_MODULES = YES;
				CLANG_ENABLE_OBJC_ARC = YES;
				CLANG_ENABLE_OBJC_WEAK = YES;
				CLANG_WARN_BLOCK_CAPTURE_AUTORELEASING = YES;
				CLANG_WARN_BOOL_CONVERSION = YES;
				CLANG_WARN_COMMA = YES;
				CLANG_WARN_CONSTANT_CONVERSION = YES;
				CLANG_WARN_DEPRECATED_OBJC_IMPLEMENTATIONS = YES;
				CLANG_WARN_DIRECT_OBJC_ISA_USAGE = YES_ERROR;
				CLANG_WARN_DOCUMENTATION_COMMENTS = YES;
				CLANG_WARN_EMPTY_BODY = YES;
				CLANG_WARN_ENUM_CONVERSION = YES;
				CLANG_WARN_INFINITE_RECURSION = YES;
				CLANG_WARN_INT_CONVERSION = YES;
				CLANG_WARN_NON_LITERAL_NULL_CONVERSION = YES;
				CLANG_WARN_OBJC_IMPLICIT_RETAIN_SELF = YES;
				CLANG_WARN_OBJC_LITERAL_CONVERSION = YES;
				CLANG_WARN_OBJC_ROOT_CLASS = YES_ERROR;
				CLANG_WARN_QUOTED_INCLUDE_IN_FRAMEWORK_HEADER = YES;
				CLANG_WARN_RANGE_LOOP_ANALYSIS = YES;
				CLANG_WARN_STRICT_PROTOTYPES = YES;
				CLANG_WARN_SUSPICIOUS_MOVE = YES;
				CLANG_WARN_UNGUARDED_AVAILABILITY = YES_AGGRESSIVE;
				CLANG_WARN_UNREACHABLE_CODE = YES;
				CLANG_WARN__DUPLICATE_METHOD_MATCH = YES;
				COPY_PHASE_STRIP = NO;
				DEBUG_INFORMATION_FORMAT = dwarf;
				ENABLE_STRICT_OBJC_MSGSEND = YES;
				ENABLE_TESTABILITY = YES;
				GCC_C_LANGUAGE_STANDARD = gnu11;
				GCC_DYNAMIC_NO_PIC = NO;
				GCC_NO_COMMON_BLOCKS = YES;
				GCC_OPTIMIZATION_LEVEL = 0;
				GCC_PREPROCESSOR_DEFINITIONS = (
					"DEBUG=1",
					"$(inherited)",
				);
				GCC_WARN_64_TO_32_BIT_CONVERSION = YES;
				GCC_WARN_ABOUT_RETURN_TYPE = YES_ERROR;
				GCC_WARN_UNDECLARED_SELECTOR = YES;
				GCC_WARN_UNINITIALIZED_AUTOS = YES_AGGRESSIVE;
				GCC_WARN_UNUSED_FUNCTION = YES;
				GCC_WARN_UNUSED_VARIABLE = YES;
				IPHONEOS_DEPLOYMENT_TARGET = 16.4;
				MTL_ENABLE_DEBUG_INFO = INCLUDE_SOURCE;
				MTL_FAST_MATH = YES;
				ONLY_ACTIVE_ARCH = YES;
				SDKROOT = iphoneos;
				SWIFT_ACTIVE_COMPILATION_CONDITIONS = DEBUG;
				SWIFT_OPTIMIZATION_LEVEL = "-Onone";
			};
			name = Debug;
		};
		25FE4E682B04224800709C2C /* Release */ = {
			isa = XCBuildConfiguration;
			buildSettings = {
				ALWAYS_SEARCH_USER_PATHS = NO;
				CLANG_ANALYZER_NONNULL = YES;
				CLANG_ANALYZER_NUMBER_OBJECT_CONVERSION = YES_AGGRESSIVE;
				CLANG_CXX_LANGUAGE_STANDARD = "gnu++20";
				CLANG_ENABLE_MODULES = YES;
				CLANG_ENABLE_OBJC_ARC = YES;
				CLANG_ENABLE_OBJC_WEAK = YES;
				CLANG_WARN_BLOCK_CAPTURE_AUTORELEASING = YES;
				CLANG_WARN_BOOL_CONVERSION = YES;
				CLANG_WARN_COMMA = YES;
				CLANG_WARN_CONSTANT_CONVERSION = YES;
				CLANG_WARN_DEPRECATED_OBJC_IMPLEMENTATIONS = YES;
				CLANG_WARN_DIRECT_OBJC_ISA_USAGE = YES_ERROR;
				CLANG_WARN_DOCUMENTATION_COMMENTS = YES;
				CLANG_WARN_EMPTY_BODY = YES;
				CLANG_WARN_ENUM_CONVERSION = YES;
				CLANG_WARN_INFINITE_RECURSION = YES;
				CLANG_WARN_INT_CONVERSION = YES;
				CLANG_WARN_NON_LITERAL_NULL_CONVERSION = YES;
				CLANG_WARN_OBJC_IMPLICIT_RETAIN_SELF = YES;
				CLANG_WARN_OBJC_LITERAL_CONVERSION = YES;
				CLANG_WARN_OBJC_ROOT_CLASS = YES_ERROR;
				CLANG_WARN_QUOTED_INCLUDE_IN_FRAMEWORK_HEADER = YES;
				CLANG_WARN_RANGE_LOOP_ANALYSIS = YES;
				CLANG_WARN_STRICT_PROTOTYPES = YES;
				CLANG_WARN_SUSPICIOUS_MOVE = YES;
				CLANG_WARN_UNGUARDED_AVAILABILITY = YES_AGGRESSIVE;
				CLANG_WARN_UNREACHABLE_CODE = YES;
				CLANG_WARN__DUPLICATE_METHOD_MATCH = YES;
				COPY_PHASE_STRIP = NO;
				DEBUG_INFORMATION_FORMAT = "dwarf-with-dsym";
				ENABLE_NS_ASSERTIONS = NO;
				ENABLE_STRICT_OBJC_MSGSEND = YES;
				GCC_C_LANGUAGE_STANDARD = gnu11;
				GCC_NO_COMMON_BLOCKS = YES;
				GCC_WARN_64_TO_32_BIT_CONVERSION = YES;
				GCC_WARN_ABOUT_RETURN_TYPE = YES_ERROR;
				GCC_WARN_UNDECLARED_SELECTOR = YES;
				GCC_WARN_UNINITIALIZED_AUTOS = YES_AGGRESSIVE;
				GCC_WARN_UNUSED_FUNCTION = YES;
				GCC_WARN_UNUSED_VARIABLE = YES;
				IPHONEOS_DEPLOYMENT_TARGET = 16.4;
				MTL_ENABLE_DEBUG_INFO = NO;
				MTL_FAST_MATH = YES;
				SDKROOT = iphoneos;
				SWIFT_COMPILATION_MODE = wholemodule;
				SWIFT_OPTIMIZATION_LEVEL = "-O";
				VALIDATE_PRODUCT = YES;
			};
			name = Release;
		};
		25FE4E6A2B04224800709C2C /* Debug */ = {
			isa = XCBuildConfiguration;
			buildSettings = {
				ASSETCATALOG_COMPILER_APPICON_NAME = AppIcon;
				ASSETCATALOG_COMPILER_GLOBAL_ACCENT_COLOR_NAME = AccentColor;
				CODE_SIGN_STYLE = Automatic;
				CURRENT_PROJECT_VERSION = 1;
				GENERATE_INFOPLIST_FILE = YES;
				INFOPLIST_FILE = "MobileAPI-Assignment3/Info.plist";
				INFOPLIST_KEY_UIApplicationSupportsIndirectInputEvents = YES;
				INFOPLIST_KEY_UILaunchStoryboardName = LaunchScreen;
				INFOPLIST_KEY_UIMainStoryboardFile = Main;
				INFOPLIST_KEY_UISupportedInterfaceOrientations_iPad = "UIInterfaceOrientationPortrait UIInterfaceOrientationPortraitUpsideDown UIInterfaceOrientationLandscapeLeft UIInterfaceOrientationLandscapeRight";
				INFOPLIST_KEY_UISupportedInterfaceOrientations_iPhone = "UIInterfaceOrientationPortrait UIInterfaceOrientationLandscapeLeft UIInterfaceOrientationLandscapeRight";
				LD_RUNPATH_SEARCH_PATHS = (
					"$(inherited)",
					"@executable_path/Frameworks",
				);
				MARKETING_VERSION = 1.0;
				PRODUCT_BUNDLE_IDENTIFIER = "com.georgian.MobileAPI-Assignment3";
				PRODUCT_NAME = "$(TARGET_NAME)";
				SWIFT_EMIT_LOC_STRINGS = YES;
				SWIFT_VERSION = 5.0;
				TARGETED_DEVICE_FAMILY = "1,2";
			};
			name = Debug;
		};
		25FE4E6B2B04224800709C2C /* Release */ = {
			isa = XCBuildConfiguration;
			buildSettings = {
				ASSETCATALOG_COMPILER_APPICON_NAME = AppIcon;
				ASSETCATALOG_COMPILER_GLOBAL_ACCENT_COLOR_NAME = AccentColor;
				CODE_SIGN_STYLE = Automatic;
				CURRENT_PROJECT_VERSION = 1;
				GENERATE_INFOPLIST_FILE = YES;
				INFOPLIST_FILE = "MobileAPI-Assignment3/Info.plist";
				INFOPLIST_KEY_UIApplicationSupportsIndirectInputEvents = YES;
				INFOPLIST_KEY_UILaunchStoryboardName = LaunchScreen;
				INFOPLIST_KEY_UIMainStoryboardFile = Main;
				INFOPLIST_KEY_UISupportedInterfaceOrientations_iPad = "UIInterfaceOrientationPortrait UIInterfaceOrientationPortraitUpsideDown UIInterfaceOrientationLandscapeLeft UIInterfaceOrientationLandscapeRight";
				INFOPLIST_KEY_UISupportedInterfaceOrientations_iPhone = "UIInterfaceOrientationPortrait UIInterfaceOrientationLandscapeLeft UIInterfaceOrientationLandscapeRight";
				LD_RUNPATH_SEARCH_PATHS = (
					"$(inherited)",
					"@executable_path/Frameworks",
				);
				MARKETING_VERSION = 1.0;
				PRODUCT_BUNDLE_IDENTIFIER = "com.georgian.MobileAPI-Assignment3";
				PRODUCT_NAME = "$(TARGET_NAME)";
				SWIFT_EMIT_LOC_STRINGS = YES;
				SWIFT_VERSION = 5.0;
				TARGETED_DEVICE_FAMILY = "1,2";
			};
			name = Release;
		};
		25FE4E6D2B04224800709C2C /* Debug */ = {
			isa = XCBuildConfiguration;
			buildSettings = {
				ALWAYS_EMBED_SWIFT_STANDARD_LIBRARIES = YES;
				BUNDLE_LOADER = "$(TEST_HOST)";
				CODE_SIGN_STYLE = Automatic;
				CURRENT_PROJECT_VERSION = 1;
				GENERATE_INFOPLIST_FILE = YES;
				IPHONEOS_DEPLOYMENT_TARGET = 16.4;
				MARKETING_VERSION = 1.0;
				PRODUCT_BUNDLE_IDENTIFIER = "com.georgian.MobileAPI-Assignment3Tests";
				PRODUCT_NAME = "$(TARGET_NAME)";
				SWIFT_EMIT_LOC_STRINGS = NO;
				SWIFT_VERSION = 5.0;
				TARGETED_DEVICE_FAMILY = "1,2";
				TEST_HOST = "$(BUILT_PRODUCTS_DIR)/MobileAPI-Assignment3.app/$(BUNDLE_EXECUTABLE_FOLDER_PATH)/MobileAPI-Assignment3";
			};
			name = Debug;
		};
		25FE4E6E2B04224800709C2C /* Release */ = {
			isa = XCBuildConfiguration;
			buildSettings = {
				ALWAYS_EMBED_SWIFT_STANDARD_LIBRARIES = YES;
				BUNDLE_LOADER = "$(TEST_HOST)";
				CODE_SIGN_STYLE = Automatic;
				CURRENT_PROJECT_VERSION = 1;
				GENERATE_INFOPLIST_FILE = YES;
				IPHONEOS_DEPLOYMENT_TARGET = 16.4;
				MARKETING_VERSION = 1.0;
				PRODUCT_BUNDLE_IDENTIFIER = "com.georgian.MobileAPI-Assignment3Tests";
				PRODUCT_NAME = "$(TARGET_NAME)";
				SWIFT_EMIT_LOC_STRINGS = NO;
				SWIFT_VERSION = 5.0;
				TARGETED_DEVICE_FAMILY = "1,2";
				TEST_HOST = "$(BUILT_PRODUCTS_DIR)/MobileAPI-Assignment3.app/$(BUNDLE_EXECUTABLE_FOLDER_PATH)/MobileAPI-Assignment3";
			};
			name = Release;
		};
		25FE4E702B04224800709C2C /* Debug */ = {
			isa = XCBuildConfiguration;
			buildSettings = {
				ALWAYS_EMBED_SWIFT_STANDARD_LIBRARIES = YES;
				CODE_SIGN_STYLE = Automatic;
				CURRENT_PROJECT_VERSION = 1;
				GENERATE_INFOPLIST_FILE = YES;
				MARKETING_VERSION = 1.0;
				PRODUCT_BUNDLE_IDENTIFIER = "com.georgian.MobileAPI-Assignment3UITests";
				PRODUCT_NAME = "$(TARGET_NAME)";
				SWIFT_EMIT_LOC_STRINGS = NO;
				SWIFT_VERSION = 5.0;
				TARGETED_DEVICE_FAMILY = "1,2";
				TEST_TARGET_NAME = "MobileAPI-Assignment3";
			};
			name = Debug;
		};
		25FE4E712B04224800709C2C /* Release */ = {
			isa = XCBuildConfiguration;
			buildSettings = {
				ALWAYS_EMBED_SWIFT_STANDARD_LIBRARIES = YES;
				CODE_SIGN_STYLE = Automatic;
				CURRENT_PROJECT_VERSION = 1;
				GENERATE_INFOPLIST_FILE = YES;
				MARKETING_VERSION = 1.0;
				PRODUCT_BUNDLE_IDENTIFIER = "com.georgian.MobileAPI-Assignment3UITests";
				PRODUCT_NAME = "$(TARGET_NAME)";
				SWIFT_EMIT_LOC_STRINGS = NO;
				SWIFT_VERSION = 5.0;
				TARGETED_DEVICE_FAMILY = "1,2";
				TEST_TARGET_NAME = "MobileAPI-Assignment3";
			};
			name = Release;
		};
/* End XCBuildConfiguration section */

/* Begin XCConfigurationList section */
		25FE4E3A2B04224600709C2C /* Build configuration list for PBXProject "MobileAPI-Assignment3" */ = {
			isa = XCConfigurationList;
			buildConfigurations = (
				25FE4E672B04224800709C2C /* Debug */,
				25FE4E682B04224800709C2C /* Release */,
			);
			defaultConfigurationIsVisible = 0;
			defaultConfigurationName = Release;
		};
		25FE4E692B04224800709C2C /* Build configuration list for PBXNativeTarget "MobileAPI-Assignment3" */ = {
			isa = XCConfigurationList;
			buildConfigurations = (
				25FE4E6A2B04224800709C2C /* Debug */,
				25FE4E6B2B04224800709C2C /* Release */,
			);
			defaultConfigurationIsVisible = 0;
			defaultConfigurationName = Release;
		};
		25FE4E6C2B04224800709C2C /* Build configuration list for PBXNativeTarget "MobileAPI-Assignment3Tests" */ = {
			isa = XCConfigurationList;
			buildConfigurations = (
				25FE4E6D2B04224800709C2C /* Debug */,
				25FE4E6E2B04224800709C2C /* Release */,
			);
			defaultConfigurationIsVisible = 0;
			defaultConfigurationName = Release;
		};
		25FE4E6F2B04224800709C2C /* Build configuration list for PBXNativeTarget "MobileAPI-Assignment3UITests" */ = {
			isa = XCConfigurationList;
			buildConfigurations = (
				25FE4E702B04224800709C2C /* Debug */,
				25FE4E712B04224800709C2C /* Release */,
			);
			defaultConfigurationIsVisible = 0;
			defaultConfigurationName = Release;
		};
/* End XCConfigurationList section */
	};
	rootObject = 25FE4E372B04224600709C2C /* Project object */;
}
